
Microsoft Visual Studio Solution File, Format Version 12.00
# Visual Studio Version 16
VisualStudioVersion = 16.0.29519.181
MinimumVisualStudioVersion = 10.0.40219.1
Project("{FAE04EC0-301F-11D3-BF4B-00C04F79EFBC}") = "LettingWebCustomerPortal", "LettingWebCustomerPortal\LettingWebCustomerPortal.csproj", "{468A008A-DDD7-4AB6-B2B4-C8CE6FFDF779}"
EndProject
Global
	GlobalSection(SolutionConfigurationPlatforms) = preSolution
		Debug|Any CPU = Debug|Any CPU
		Release|Any CPU = Release|Any CPU
	EndGlobalSection
	GlobalSection(ProjectConfigurationPlatforms) = postSolution
		{468A008A-DDD7-4AB6-B2B4-C8CE6FFDF779}.Debug|Any CPU.ActiveCfg = Debug|Any CPU
		{468A008A-DDD7-4AB6-B2B4-C8CE6FFDF779}.Debug|Any CPU.Build.0 = Debug|Any CPU
		{468A008A-DDD7-4AB6-B2B4-C8CE6FFDF779}.Release|Any CPU.ActiveCfg = Release|Any CPU
		{468A008A-DDD7-4AB6-B2B4-C8CE6FFDF779}.Release|Any CPU.Build.0 = Release|Any CPU
	EndGlobalSection
	GlobalSection(SolutionProperties) = preSolution
		HideSolutionNode = FALSE
	EndGlobalSection
	GlobalSection(ExtensibilityGlobals) = postSolution
		SolutionGuid = {F4BB815D-0CCB-4E12-A940-FBFC005A0D6E}
	EndGlobalSection
EndGlobal
